
Microsoft Visual Studio Solution File, Format Version 12.00
# Visual Studio Version 17
VisualStudioVersion = 17.7.34202.233
MinimumVisualStudioVersion = 10.0.40219.1
Project("{FAE04EC0-301F-11D3-BF4B-00C04F79EFBC}") = "WebApplication_MvcCoreCodes", "WebApplication_MvcCoreCodes\WebApplication_MvcCoreCodes.csproj", "{BA56C8F6-245F-4A4E-A7FD-1596320D6F4C}"
EndProject
Global
	GlobalSection(SolutionConfigurationPlatforms) = preSolution
		Debug|Any CPU = Debug|Any CPU
		Release|Any CPU = Release|Any CPU
	EndGlobalSection
	GlobalSection(ProjectConfigurationPlatforms) = postSolution
		{BA56C8F6-245F-4A4E-A7FD-1596320D6F4C}.Debug|Any CPU.ActiveCfg = Debug|Any CPU
		{BA56C8F6-245F-4A4E-A7FD-1596320D6F4C}.Debug|Any CPU.Build.0 = Debug|Any CPU
		{BA56C8F6-245F-4A4E-A7FD-1596320D6F4C}.Release|Any CPU.ActiveCfg = Release|Any CPU
		{BA56C8F6-245F-4A4E-A7FD-1596320D6F4C}.Release|Any CPU.Build.0 = Release|Any CPU
	EndGlobalSection
	GlobalSection(SolutionProperties) = preSolution
		HideSolutionNode = FALSE
	EndGlobalSection
	GlobalSection(ExtensibilityGlobals) = postSolution
		SolutionGuid = {CBA49104-9C7D-4482-BC87-85ABE6CC81F5}
	EndGlobalSection
EndGlobal
